
Microsoft Visual Studio Solution File, Format Version 12.00
# Visual Studio Version 16
VisualStudioVersion = 16.0.31410.357
MinimumVisualStudioVersion = 10.0.40219.1
Project("{FAE04EC0-301F-11D3-BF4B-00C04F79EFBC}") = "TicTacToe", "TicTacToe\TicTacToe.csproj", "{5B5403AF-B2BD-4954-B48D-0ECCEEBA889C}"
EndProject
Global
	GlobalSection(SolutionConfigurationPlatforms) = preSolution
		Debug|Any CPU = Debug|Any CPU
		Release|Any CPU = Release|Any CPU
	EndGlobalSection
	GlobalSection(ProjectConfigurationPlatforms) = postSolution
		{5B5403AF-B2BD-4954-B48D-0ECCEEBA889C}.Debug|Any CPU.ActiveCfg = Debug|Any CPU
		{5B5403AF-B2BD-4954-B48D-0ECCEEBA889C}.Debug|Any CPU.Build.0 = Debug|Any CPU
		{5B5403AF-B2BD-4954-B48D-0ECCEEBA889C}.Release|Any CPU.ActiveCfg = Release|Any CPU
		{5B5403AF-B2BD-4954-B48D-0ECCEEBA889C}.Release|Any CPU.Build.0 = Release|Any CPU
	EndGlobalSection
	GlobalSection(SolutionProperties) = preSolution
		HideSolutionNode = FALSE
	EndGlobalSection
	GlobalSection(ExtensibilityGlobals) = postSolution
		SolutionGuid = {6C10CE11-EF68-4046-BE2A-5C9578B513B2}
	EndGlobalSection
EndGlobal
